
Microsoft Visual Studio Solution File, Format Version 12.00
# Visual Studio Version 17
VisualStudioVersion = 17.0.31903.59
MinimumVisualStudioVersion = 10.0.40219.1
Project("{9A19103F-16F7-4668-BE54-9A1E7A4F7556}") = "FranklyFashion.BasketService", "FranklyFashion.BasketService\FranklyFashion.BasketService.csproj", "{2E9A419C-0949-451A-BD62-66380E131565}"
EndProject
Project("{9A19103F-16F7-4668-BE54-9A1E7A4F7556}") = "FranklyFashion.CatalogService", "FranklyFashion.CatalogService\FranklyFashion.CatalogService.csproj", "{8698AFF5-8BAA-43B4-B427-0DBFEE9FB011}"
EndProject
Project("{9A19103F-16F7-4668-BE54-9A1E7A4F7556}") = "FranklyFashion.OrderService", "FranklyFashion.OrderService\FranklyFashion.OrderService.csproj", "{3A94B7E2-89BF-4E8E-9677-D623B17102EB}"
EndProject
Global
	GlobalSection(SolutionConfigurationPlatforms) = preSolution
		Debug|Any CPU = Debug|Any CPU
		Release|Any CPU = Release|Any CPU
	EndGlobalSection
	GlobalSection(ProjectConfigurationPlatforms) = postSolution
		{2E9A419C-0949-451A-BD62-66380E131565}.Debug|Any CPU.ActiveCfg = Debug|Any CPU
		{2E9A419C-0949-451A-BD62-66380E131565}.Debug|Any CPU.Build.0 = Debug|Any CPU
		{2E9A419C-0949-451A-BD62-66380E131565}.Release|Any CPU.ActiveCfg = Release|Any CPU
		{2E9A419C-0949-451A-BD62-66380E131565}.Release|Any CPU.Build.0 = Release|Any CPU
		{8698AFF5-8BAA-43B4-B427-0DBFEE9FB011}.Debug|Any CPU.ActiveCfg = Debug|Any CPU
		{8698AFF5-8BAA-43B4-B427-0DBFEE9FB011}.Debug|Any CPU.Build.0 = Debug|Any CPU
		{8698AFF5-8BAA-43B4-B427-0DBFEE9FB011}.Release|Any CPU.ActiveCfg = Release|Any CPU
		{8698AFF5-8BAA-43B4-B427-0DBFEE9FB011}.Release|Any CPU.Build.0 = Release|Any CPU
		{3A94B7E2-89BF-4E8E-9677-D623B17102EB}.Debug|Any CPU.ActiveCfg = Debug|Any CPU
		{3A94B7E2-89BF-4E8E-9677-D623B17102EB}.Debug|Any CPU.Build.0 = Debug|Any CPU
		{3A94B7E2-89BF-4E8E-9677-D623B17102EB}.Release|Any CPU.ActiveCfg = Release|Any CPU
		{3A94B7E2-89BF-4E8E-9677-D623B17102EB}.Release|Any CPU.Build.0 = Release|Any CPU
	EndGlobalSection
	GlobalSection(SolutionProperties) = preSolution
		HideSolutionNode = FALSE
	EndGlobalSection
	GlobalSection(ExtensibilityGlobals) = postSolution
		SolutionGuid = {14061EF9-AD72-407C-872D-7F4EEA60A433}
	EndGlobalSection
EndGlobal
