
Microsoft Visual Studio Solution File, Format Version 12.00
# Visual Studio Version 17
VisualStudioVersion = 17.0.31903.59
MinimumVisualStudioVersion = 10.0.40219.1
Project("{FAE04EC0-301F-11D3-BF4B-00C04F79EFBC}") = "FranklyFashion.BasketService", "FranklyFashion.BasketService\FranklyFashion.BasketService.csproj", "{2E9A419C-0949-451A-BD62-66380E131565}"
EndProject
Project("{FAE04EC0-301F-11D3-BF4B-00C04F79EFBC}") = "FranklyFashion.CatalogService", "FranklyFashion.CatalogService\FranklyFashion.CatalogService.csproj", "{8698AFF5-8BAA-43B4-B427-0DBFEE9FB011}"
EndProject
Project("{FAE04EC0-301F-11D3-BF4B-00C04F79EFBC}") = "FranklyFashion.OrderService", "FranklyFashion.OrderService\FranklyFashion.OrderService.csproj", "{3A94B7E2-89BF-4E8E-9677-D623B17102EB}"
EndProject
Project("{FAE04EC0-301F-11D3-BF4B-00C04F79EFBC}") = "FranklyFashion.OrderProcessor", "FranklyFashion.OrderProcessor\FranklyFashion.OrderProcessor.csproj", "{F52F45B4-3148-4D81-A9F5-23F38ECE5A44}"
EndProject
Project("{FAE04EC0-301F-11D3-BF4B-00C04F79EFBC}") = "FranklyFashion.WebApp", "FranklyFashion.WebApp\FranklyFashion.WebApp.csproj", "{58E1F892-06E9-4F9F-B69C-152E1983D82B}"
EndProject
Project("{FAE04EC0-301F-11D3-BF4B-00C04F79EFBC}") = "FranklyFashion.StockService", "FranklyFashion.StockService\FranklyFashion.StockService.csproj", "{0D8779AD-091F-4138-B709-BD2C10677854}"
EndProject
Global
	GlobalSection(SolutionConfigurationPlatforms) = preSolution
		Debug|Any CPU = Debug|Any CPU
		Release|Any CPU = Release|Any CPU
	EndGlobalSection
	GlobalSection(ProjectConfigurationPlatforms) = postSolution
		{2E9A419C-0949-451A-BD62-66380E131565}.Debug|Any CPU.ActiveCfg = Debug|Any CPU
		{2E9A419C-0949-451A-BD62-66380E131565}.Debug|Any CPU.Build.0 = Debug|Any CPU
		{2E9A419C-0949-451A-BD62-66380E131565}.Release|Any CPU.ActiveCfg = Release|Any CPU
		{2E9A419C-0949-451A-BD62-66380E131565}.Release|Any CPU.Build.0 = Release|Any CPU
		{8698AFF5-8BAA-43B4-B427-0DBFEE9FB011}.Debug|Any CPU.ActiveCfg = Debug|Any CPU
		{8698AFF5-8BAA-43B4-B427-0DBFEE9FB011}.Debug|Any CPU.Build.0 = Debug|Any CPU
		{8698AFF5-8BAA-43B4-B427-0DBFEE9FB011}.Release|Any CPU.ActiveCfg = Release|Any CPU
		{8698AFF5-8BAA-43B4-B427-0DBFEE9FB011}.Release|Any CPU.Build.0 = Release|Any CPU
		{3A94B7E2-89BF-4E8E-9677-D623B17102EB}.Debug|Any CPU.ActiveCfg = Debug|Any CPU
		{3A94B7E2-89BF-4E8E-9677-D623B17102EB}.Debug|Any CPU.Build.0 = Debug|Any CPU
		{3A94B7E2-89BF-4E8E-9677-D623B17102EB}.Release|Any CPU.ActiveCfg = Release|Any CPU
		{3A94B7E2-89BF-4E8E-9677-D623B17102EB}.Release|Any CPU.Build.0 = Release|Any CPU
		{F52F45B4-3148-4D81-A9F5-23F38ECE5A44}.Debug|Any CPU.ActiveCfg = Debug|Any CPU
		{F52F45B4-3148-4D81-A9F5-23F38ECE5A44}.Debug|Any CPU.Build.0 = Debug|Any CPU
		{F52F45B4-3148-4D81-A9F5-23F38ECE5A44}.Release|Any CPU.ActiveCfg = Release|Any CPU
		{F52F45B4-3148-4D81-A9F5-23F38ECE5A44}.Release|Any CPU.Build.0 = Release|Any CPU
		{58E1F892-06E9-4F9F-B69C-152E1983D82B}.Debug|Any CPU.ActiveCfg = Debug|Any CPU
		{58E1F892-06E9-4F9F-B69C-152E1983D82B}.Debug|Any CPU.Build.0 = Debug|Any CPU
		{58E1F892-06E9-4F9F-B69C-152E1983D82B}.Release|Any CPU.ActiveCfg = Release|Any CPU
		{58E1F892-06E9-4F9F-B69C-152E1983D82B}.Release|Any CPU.Build.0 = Release|Any CPU
		{0D8779AD-091F-4138-B709-BD2C10677854}.Debug|Any CPU.ActiveCfg = Debug|Any CPU
		{0D8779AD-091F-4138-B709-BD2C10677854}.Debug|Any CPU.Build.0 = Debug|Any CPU
		{0D8779AD-091F-4138-B709-BD2C10677854}.Release|Any CPU.ActiveCfg = Release|Any CPU
		{0D8779AD-091F-4138-B709-BD2C10677854}.Release|Any CPU.Build.0 = Release|Any CPU
	EndGlobalSection
	GlobalSection(SolutionProperties) = preSolution
		HideSolutionNode = FALSE
	EndGlobalSection
	GlobalSection(ExtensibilityGlobals) = postSolution
		SolutionGuid = {14061EF9-AD72-407C-872D-7F4EEA60A433}
	EndGlobalSection
EndGlobal
